
Microsoft Visual Studio Solution File, Format Version 12.00
# Visual Studio 2012
Project("{FAE04EC0-301F-11D3-BF4B-00C04F79EFBC}") = "pathmatics", "pathmatics\pathmatics.csproj", "{FD97E181-D2F4-49F0-94CC-C329F8DDF624}"
EndProject
Project("{2150E333-8FDC-42A3-9474-1A3956D46DE8}") = "Src", "Src", "{640A2F9D-D60D-46DC-8EFA-DE3B65E54E69}"
EndProject
Project("{2150E333-8FDC-42A3-9474-1A3956D46DE8}") = "Tests", "Tests", "{97D53DB6-1BDF-41E7-8B2A-B42DA4F88E57}"
EndProject
Project("{FAE04EC0-301F-11D3-BF4B-00C04F79EFBC}") = "pathamticsTest", "pathamticsTest\pathamticsTest.csproj", "{F7285144-D00C-4A03-87FF-9C5E8CA9A0AA}"
EndProject
Global
	GlobalSection(SolutionConfigurationPlatforms) = preSolution
		Debug|Any CPU = Debug|Any CPU
		Release|Any CPU = Release|Any CPU
	EndGlobalSection
	GlobalSection(ProjectConfigurationPlatforms) = postSolution
		{FD97E181-D2F4-49F0-94CC-C329F8DDF624}.Debug|Any CPU.ActiveCfg = Debug|Any CPU
		{FD97E181-D2F4-49F0-94CC-C329F8DDF624}.Debug|Any CPU.Build.0 = Debug|Any CPU
		{FD97E181-D2F4-49F0-94CC-C329F8DDF624}.Release|Any CPU.ActiveCfg = Release|Any CPU
		{FD97E181-D2F4-49F0-94CC-C329F8DDF624}.Release|Any CPU.Build.0 = Release|Any CPU
		{F7285144-D00C-4A03-87FF-9C5E8CA9A0AA}.Debug|Any CPU.ActiveCfg = Debug|Any CPU
		{F7285144-D00C-4A03-87FF-9C5E8CA9A0AA}.Debug|Any CPU.Build.0 = Debug|Any CPU
		{F7285144-D00C-4A03-87FF-9C5E8CA9A0AA}.Release|Any CPU.ActiveCfg = Release|Any CPU
		{F7285144-D00C-4A03-87FF-9C5E8CA9A0AA}.Release|Any CPU.Build.0 = Release|Any CPU
	EndGlobalSection
	GlobalSection(SolutionProperties) = preSolution
		HideSolutionNode = FALSE
	EndGlobalSection
	GlobalSection(NestedProjects) = preSolution
		{FD97E181-D2F4-49F0-94CC-C329F8DDF624} = {640A2F9D-D60D-46DC-8EFA-DE3B65E54E69}
		{F7285144-D00C-4A03-87FF-9C5E8CA9A0AA} = {97D53DB6-1BDF-41E7-8B2A-B42DA4F88E57}
	EndGlobalSection
	GlobalSection(Performance) = preSolution
		HasPerformanceSessions = true
	EndGlobalSection
EndGlobal
